
Microsoft Visual Studio Solution File, Format Version 12.00
# Visual Studio Version 17
VisualStudioVersion = 17.7.34018.315
MinimumVisualStudioVersion = 10.0.40219.1
Project("{9A19103F-16F7-4668-BE54-9A1E7A4F7556}") = "surpriseApi", "surpriseApi\surpriseApi.csproj", "{0397B3FB-71E0-4D1E-A7E8-E8AF5D57A812}"
EndProject
Project("{2150E333-8FDC-42A3-9474-1A3956D46DE8}") = "Solution Items", "Solution Items", "{7E45542D-4746-4BEA-BCFE-2844CF2EBE13}"
	ProjectSection(SolutionItems) = preProject
		.editorconfig = .editorconfig
	EndProjectSection
EndProject
Global
	GlobalSection(SolutionConfigurationPlatforms) = preSolution
		Debug|Any CPU = Debug|Any CPU
		Release|Any CPU = Release|Any CPU
	EndGlobalSection
	GlobalSection(ProjectConfigurationPlatforms) = postSolution
		{0397B3FB-71E0-4D1E-A7E8-E8AF5D57A812}.Debug|Any CPU.ActiveCfg = Debug|Any CPU
		{0397B3FB-71E0-4D1E-A7E8-E8AF5D57A812}.Debug|Any CPU.Build.0 = Debug|Any CPU
		{0397B3FB-71E0-4D1E-A7E8-E8AF5D57A812}.Release|Any CPU.ActiveCfg = Release|Any CPU
		{0397B3FB-71E0-4D1E-A7E8-E8AF5D57A812}.Release|Any CPU.Build.0 = Release|Any CPU
	EndGlobalSection
	GlobalSection(SolutionProperties) = preSolution
		HideSolutionNode = FALSE
	EndGlobalSection
	GlobalSection(ExtensibilityGlobals) = postSolution
		SolutionGuid = {1CBC0E5E-F4D4-421D-9706-1EF8CB6BCFD0}
	EndGlobalSection
EndGlobal
