
Microsoft Visual Studio Solution File, Format Version 12.00
# Visual Studio Version 17
VisualStudioVersion = 17.7.34018.315
MinimumVisualStudioVersion = 10.0.40219.1
Project("{FAE04EC0-301F-11D3-BF4B-00C04F79EFBC}") = "surpriseApi", "surpriseApi\surpriseApi.csproj", "{0397B3FB-71E0-4D1E-A7E8-E8AF5D57A812}"
EndProject
Global
	GlobalSection(SolutionConfigurationPlatforms) = preSolution
		Debug|Any CPU = Debug|Any CPU
		Release|Any CPU = Release|Any CPU
	EndGlobalSection
	GlobalSection(ProjectConfigurationPlatforms) = postSolution
		{0397B3FB-71E0-4D1E-A7E8-E8AF5D57A812}.Debug|Any CPU.ActiveCfg = Debug|Any CPU
		{0397B3FB-71E0-4D1E-A7E8-E8AF5D57A812}.Debug|Any CPU.Build.0 = Debug|Any CPU
		{0397B3FB-71E0-4D1E-A7E8-E8AF5D57A812}.Release|Any CPU.ActiveCfg = Release|Any CPU
		{0397B3FB-71E0-4D1E-A7E8-E8AF5D57A812}.Release|Any CPU.Build.0 = Release|Any CPU
	EndGlobalSection
	GlobalSection(SolutionProperties) = preSolution
		HideSolutionNode = FALSE
	EndGlobalSection
	GlobalSection(ExtensibilityGlobals) = postSolution
		SolutionGuid = {1CBC0E5E-F4D4-421D-9706-1EF8CB6BCFD0}
	EndGlobalSection
EndGlobal
